
Microsoft Visual Studio Solution File, Format Version 12.00
# Visual Studio 15
VisualStudioVersion = 15.0.27703.2026
MinimumVisualStudioVersion = 10.0.40219.1
Project("{FAE04EC0-301F-11D3-BF4B-00C04F79EFBC}") = "DBDemo", "DBDemo\DBDemo.csproj", "{A68205C2-AD8D-4055-A455-E168CD3DFBD7}"
EndProject
Global
	GlobalSection(SolutionConfigurationPlatforms) = preSolution
		Debug|Any CPU = Debug|Any CPU
		Release|Any CPU = Release|Any CPU
	EndGlobalSection
	GlobalSection(ProjectConfigurationPlatforms) = postSolution
		{A68205C2-AD8D-4055-A455-E168CD3DFBD7}.Debug|Any CPU.ActiveCfg = Debug|Any CPU
		{A68205C2-AD8D-4055-A455-E168CD3DFBD7}.Debug|Any CPU.Build.0 = Debug|Any CPU
		{A68205C2-AD8D-4055-A455-E168CD3DFBD7}.Release|Any CPU.ActiveCfg = Release|Any CPU
		{A68205C2-AD8D-4055-A455-E168CD3DFBD7}.Release|Any CPU.Build.0 = Release|Any CPU
	EndGlobalSection
	GlobalSection(SolutionProperties) = preSolution
		HideSolutionNode = FALSE
	EndGlobalSection
	GlobalSection(ExtensibilityGlobals) = postSolution
		SolutionGuid = {3A77F542-99C6-4D0E-B273-655B0B2B4F1F}
	EndGlobalSection
EndGlobal
